PODS:
  - BubbleTransition (2.0.2)
  - Hero (0.3.6)
  - IQKeyboardManagerSwift (4.0.9)
  - SZTextView (1.3.0)

DEPENDENCIES:
  - BubbleTransition
  - Hero
  - IQKeyboardManagerSwift
  - SZTextView

SPEC CHECKSUMS:
  BubbleTransition: 7d98ed7d56f0940e83f350a98103ad473491c769
  Hero: d3c6f4dd80cdcdbb339be64e57ae3b5c3ab9938c
  IQKeyboardManagerSwift: 2eefe6c429b86aa08bfbc1b5c891164d754adf91
  SZTextView: 094dc6acc9beec537685c545d6e3e0d4975174e1

PODFILE CHECKSUM: cf5ecfdd85b73d8c28b391d0ad2845a15f8ce25d

COCOAPODS: 1.2.1
